
Microsoft Visual Studio Solution File, Format Version 12.00
# Visual Studio Version 17
VisualStudioVersion = 17.8.34330.188
MinimumVisualStudioVersion = 10.0.40219.1
Project("{FAE04EC0-301F-11D3-BF4B-00C04F79EFBC}") = "Gestion_De_Taches", "Gestion_De_Taches\Gestion_De_Taches.csproj", "{B6749C6A-3F73-460F-89C2-C27B2E87B9C1}"
EndProject
Global
	GlobalSection(SolutionConfigurationPlatforms) = preSolution
		Debug|Any CPU = Debug|Any CPU
		Release|Any CPU = Release|Any CPU
	EndGlobalSection
	GlobalSection(ProjectConfigurationPlatforms) = postSolution
		{B6749C6A-3F73-460F-89C2-C27B2E87B9C1}.Debug|Any CPU.ActiveCfg = Debug|Any CPU
		{B6749C6A-3F73-460F-89C2-C27B2E87B9C1}.Debug|Any CPU.Build.0 = Debug|Any CPU
		{B6749C6A-3F73-460F-89C2-C27B2E87B9C1}.Release|Any CPU.ActiveCfg = Release|Any CPU
		{B6749C6A-3F73-460F-89C2-C27B2E87B9C1}.Release|Any CPU.Build.0 = Release|Any CPU
	EndGlobalSection
	GlobalSection(SolutionProperties) = preSolution
		HideSolutionNode = FALSE
	EndGlobalSection
	GlobalSection(ExtensibilityGlobals) = postSolution
		SolutionGuid = {E2105396-2EDA-41CC-84A9-76DFC4D6FC15}
	EndGlobalSection
EndGlobal
